
Microsoft Visual Studio Solution File, Format Version 11.00
# Visual Studio 2010
Project("{E24C65DC-7377-472B-9ABA-BC803B73C61A}") = "www.weavver.local", "http://www.weavver.local", "{641BF795-AA35-4D53-986B-C41ECB8F0974}"
	ProjectSection(WebsiteProperties) = preProject
		UseIISExpress = "false"
		TargetFrameworkMoniker = ".NETFramework,Version%3Dv4.0.1"
		ProjectReferences = "{01490A61-F803-41A3-89D4-D6CAC7A97DA6}|Weavver.Vendors.dll;{0D3C5390-5651-4B71-B165-E5C72A55281C}|Weavver.Net.dll;{4D558303-3DB5-4004-91BA-9DB658199B7B}|Weavver.Data.dll;{8E71554E-8184-40C7-8CBC-8955C7627A04}|Weavver.MokshaInterface.dll;"
		Debug.AspNetCompiler.VirtualPath = "/weavverwebsite"
		Debug.AspNetCompiler.PhysicalPath = "www\"
		Debug.AspNetCompiler.TargetPath = "PrecompiledWeb\weavverwebsite\"
		Debug.AspNetCompiler.Updateable = "true"
		Debug.AspNetCompiler.ForceOverwrite = "true"
		Debug.AspNetCompiler.FixedNames = "true"
		Debug.AspNetCompiler.Debug = "True"
		Release.AspNetCompiler.VirtualPath = "/weavverwebsite"
		Release.AspNetCompiler.PhysicalPath = "www\"
		Release.AspNetCompiler.TargetPath = "PrecompiledWeb\weavverwebsite\"
		Release.AspNetCompiler.Updateable = "true"
		Release.AspNetCompiler.ForceOverwrite = "true"
		Release.AspNetCompiler.FixedNames = "true"
		Release.AspNetCompiler.Debug = "False"
		SlnRelativePath = "Servers\web\c\Inetpub\www\"
	EndProjectSection
EndProject
Project("{2150E333-8FDC-42A3-9474-1A3956D46DE8}") = "Solution Items", "Solution Items", "{06D29C82-BFA5-470F-A0F5-059087AD90F9}"
	ProjectSection(SolutionItems) = preProject
		BuildReleaseZip.bat = BuildReleaseZip.bat
		BuildReleaseZip.exclude = BuildReleaseZip.exclude
		License.txt = License.txt
		nant.build = nant.build
	EndProjectSection
EndProject
Project("{FAE04EC0-301F-11D3-BF4B-00C04F79EFBC}") = "Weavver.Data", "..\data\src\Weavver.Data.csproj", "{4D558303-3DB5-4004-91BA-9DB658199B7B}"
EndProject
Project("{FAE04EC0-301F-11D3-BF4B-00C04F79EFBC}") = "Weavver.Net", "..\net\src\Weavver.Net.csproj", "{0D3C5390-5651-4B71-B165-E5C72A55281C}"
EndProject
Project("{FAE04EC0-301F-11D3-BF4B-00C04F79EFBC}") = "Weavver.Vendors", "..\vendors\src\Weavver.Vendors.csproj", "{01490A61-F803-41A3-89D4-D6CAC7A97DA6}"
EndProject
Project("{FAE04EC0-301F-11D3-BF4B-00C04F79EFBC}") = "Weavver Units", "units\Weavver Units.csproj", "{DCC28AC4-530A-4D95-B384-D6A303758E98}"
EndProject
Project("{FAE04EC0-301F-11D3-BF4B-00C04F79EFBC}") = "Weavver Moksha Interface", "..\moksha\interface\Weavver Moksha Interface.csproj", "{8E71554E-8184-40C7-8CBC-8955C7627A04}"
EndProject
Global
	GlobalSection(SolutionConfigurationPlatforms) = preSolution
		Database|Any CPU = Database|Any CPU
		Database|Mixed Platforms = Database|Mixed Platforms
		Database|x86 = Database|x86
		Debug|Any CPU = Debug|Any CPU
		Debug|Mixed Platforms = Debug|Mixed Platforms
		Debug|x86 = Debug|x86
		Release|Any CPU = Release|Any CPU
		Release|Mixed Platforms = Release|Mixed Platforms
		Release|x86 = Release|x86
		Testing|Any CPU = Testing|Any CPU
		Testing|Mixed Platforms = Testing|Mixed Platforms
		Testing|x86 = Testing|x86
		Website|Any CPU = Website|Any CPU
		Website|Mixed Platforms = Website|Mixed Platforms
		Website|x86 = Website|x86
	EndGlobalSection
	GlobalSection(ProjectConfigurationPlatforms) = postSolution
		{641BF795-AA35-4D53-986B-C41ECB8F0974}.Database|Any CPU.ActiveCfg = Debug|Any CPU
		{641BF795-AA35-4D53-986B-C41ECB8F0974}.Database|Any CPU.Build.0 = Debug|Any CPU
		{641BF795-AA35-4D53-986B-C41ECB8F0974}.Database|Mixed Platforms.ActiveCfg = Debug|Any CPU
		{641BF795-AA35-4D53-986B-C41ECB8F0974}.Database|Mixed Platforms.Build.0 = Debug|Any CPU
		{641BF795-AA35-4D53-986B-C41ECB8F0974}.Database|x86.ActiveCfg = Debug|Any CPU
		{641BF795-AA35-4D53-986B-C41ECB8F0974}.Debug|Any CPU.ActiveCfg = Debug|Any CPU
		{641BF795-AA35-4D53-986B-C41ECB8F0974}.Debug|Any CPU.Build.0 = Debug|Any CPU
		{641BF795-AA35-4D53-986B-C41ECB8F0974}.Debug|Mixed Platforms.ActiveCfg = Debug|Any CPU
		{641BF795-AA35-4D53-986B-C41ECB8F0974}.Debug|x86.ActiveCfg = Debug|Any CPU
		{641BF795-AA35-4D53-986B-C41ECB8F0974}.Release|Any CPU.ActiveCfg = Debug|Any CPU
		{641BF795-AA35-4D53-986B-C41ECB8F0974}.Release|Any CPU.Build.0 = Debug|Any CPU
		{641BF795-AA35-4D53-986B-C41ECB8F0974}.Release|Mixed Platforms.ActiveCfg = Debug|Any CPU
		{641BF795-AA35-4D53-986B-C41ECB8F0974}.Release|x86.ActiveCfg = Debug|Any CPU
		{641BF795-AA35-4D53-986B-C41ECB8F0974}.Testing|Any CPU.ActiveCfg = Debug|Any CPU
		{641BF795-AA35-4D53-986B-C41ECB8F0974}.Testing|Any CPU.Build.0 = Debug|Any CPU
		{641BF795-AA35-4D53-986B-C41ECB8F0974}.Testing|Mixed Platforms.ActiveCfg = Debug|Any CPU
		{641BF795-AA35-4D53-986B-C41ECB8F0974}.Testing|Mixed Platforms.Build.0 = Debug|Any CPU
		{641BF795-AA35-4D53-986B-C41ECB8F0974}.Testing|x86.ActiveCfg = Debug|Any CPU
		{641BF795-AA35-4D53-986B-C41ECB8F0974}.Website|Any CPU.ActiveCfg = Debug|Any CPU
		{641BF795-AA35-4D53-986B-C41ECB8F0974}.Website|Any CPU.Build.0 = Debug|Any CPU
		{641BF795-AA35-4D53-986B-C41ECB8F0974}.Website|Mixed Platforms.ActiveCfg = Debug|Any CPU
		{641BF795-AA35-4D53-986B-C41ECB8F0974}.Website|Mixed Platforms.Build.0 = Debug|Any CPU
		{641BF795-AA35-4D53-986B-C41ECB8F0974}.Website|x86.ActiveCfg = Debug|Any CPU
		{4D558303-3DB5-4004-91BA-9DB658199B7B}.Database|Any CPU.ActiveCfg = Database|Any CPU
		{4D558303-3DB5-4004-91BA-9DB658199B7B}.Database|Any CPU.Build.0 = Database|Any CPU
		{4D558303-3DB5-4004-91BA-9DB658199B7B}.Database|Mixed Platforms.ActiveCfg = Database|Any CPU
		{4D558303-3DB5-4004-91BA-9DB658199B7B}.Database|Mixed Platforms.Build.0 = Database|Any CPU
		{4D558303-3DB5-4004-91BA-9DB658199B7B}.Database|x86.ActiveCfg = Database|Any CPU
		{4D558303-3DB5-4004-91BA-9DB658199B7B}.Debug|Any CPU.ActiveCfg = Debug|Any CPU
		{4D558303-3DB5-4004-91BA-9DB658199B7B}.Debug|Any CPU.Build.0 = Debug|Any CPU
		{4D558303-3DB5-4004-91BA-9DB658199B7B}.Debug|Mixed Platforms.ActiveCfg = Debug|Any CPU
		{4D558303-3DB5-4004-91BA-9DB658199B7B}.Debug|Mixed Platforms.Build.0 = Debug|Any CPU
		{4D558303-3DB5-4004-91BA-9DB658199B7B}.Debug|x86.ActiveCfg = Debug|Any CPU
		{4D558303-3DB5-4004-91BA-9DB658199B7B}.Release|Any CPU.ActiveCfg = Release|Any CPU
		{4D558303-3DB5-4004-91BA-9DB658199B7B}.Release|Any CPU.Build.0 = Release|Any CPU
		{4D558303-3DB5-4004-91BA-9DB658199B7B}.Release|Mixed Platforms.ActiveCfg = Release|Any CPU
		{4D558303-3DB5-4004-91BA-9DB658199B7B}.Release|Mixed Platforms.Build.0 = Release|Any CPU
		{4D558303-3DB5-4004-91BA-9DB658199B7B}.Release|x86.ActiveCfg = Release|Any CPU
		{4D558303-3DB5-4004-91BA-9DB658199B7B}.Testing|Any CPU.ActiveCfg = Testing|Any CPU
		{4D558303-3DB5-4004-91BA-9DB658199B7B}.Testing|Any CPU.Build.0 = Testing|Any CPU
		{4D558303-3DB5-4004-91BA-9DB658199B7B}.Testing|Mixed Platforms.ActiveCfg = Testing|Any CPU
		{4D558303-3DB5-4004-91BA-9DB658199B7B}.Testing|Mixed Platforms.Build.0 = Testing|Any CPU
		{4D558303-3DB5-4004-91BA-9DB658199B7B}.Testing|x86.ActiveCfg = Testing|Any CPU
		{4D558303-3DB5-4004-91BA-9DB658199B7B}.Website|Any CPU.ActiveCfg = Website|Any CPU
		{4D558303-3DB5-4004-91BA-9DB658199B7B}.Website|Any CPU.Build.0 = Website|Any CPU
		{4D558303-3DB5-4004-91BA-9DB658199B7B}.Website|Mixed Platforms.ActiveCfg = Website|Any CPU
		{4D558303-3DB5-4004-91BA-9DB658199B7B}.Website|Mixed Platforms.Build.0 = Website|Any CPU
		{4D558303-3DB5-4004-91BA-9DB658199B7B}.Website|x86.ActiveCfg = Website|Any CPU
		{0D3C5390-5651-4B71-B165-E5C72A55281C}.Database|Any CPU.ActiveCfg = Debug|Any CPU
		{0D3C5390-5651-4B71-B165-E5C72A55281C}.Database|Any CPU.Build.0 = Debug|Any CPU
		{0D3C5390-5651-4B71-B165-E5C72A55281C}.Database|Mixed Platforms.ActiveCfg = Debug|Any CPU
		{0D3C5390-5651-4B71-B165-E5C72A55281C}.Database|Mixed Platforms.Build.0 = Debug|Any CPU
		{0D3C5390-5651-4B71-B165-E5C72A55281C}.Database|x86.ActiveCfg = Debug|Any CPU
		{0D3C5390-5651-4B71-B165-E5C72A55281C}.Debug|Any CPU.ActiveCfg = Debug|Any CPU
		{0D3C5390-5651-4B71-B165-E5C72A55281C}.Debug|Any CPU.Build.0 = Debug|Any CPU
		{0D3C5390-5651-4B71-B165-E5C72A55281C}.Debug|Mixed Platforms.ActiveCfg = Debug|Any CPU
		{0D3C5390-5651-4B71-B165-E5C72A55281C}.Debug|Mixed Platforms.Build.0 = Debug|Any CPU
		{0D3C5390-5651-4B71-B165-E5C72A55281C}.Debug|x86.ActiveCfg = Debug|Any CPU
		{0D3C5390-5651-4B71-B165-E5C72A55281C}.Release|Any CPU.ActiveCfg = Release|Any CPU
		{0D3C5390-5651-4B71-B165-E5C72A55281C}.Release|Any CPU.Build.0 = Release|Any CPU
		{0D3C5390-5651-4B71-B165-E5C72A55281C}.Release|Mixed Platforms.ActiveCfg = Release|Any CPU
		{0D3C5390-5651-4B71-B165-E5C72A55281C}.Release|Mixed Platforms.Build.0 = Release|Any CPU
		{0D3C5390-5651-4B71-B165-E5C72A55281C}.Release|x86.ActiveCfg = Release|Any CPU
		{0D3C5390-5651-4B71-B165-E5C72A55281C}.Testing|Any CPU.ActiveCfg = Release|Any CPU
		{0D3C5390-5651-4B71-B165-E5C72A55281C}.Testing|Any CPU.Build.0 = Release|Any CPU
		{0D3C5390-5651-4B71-B165-E5C72A55281C}.Testing|Mixed Platforms.ActiveCfg = Release|Any CPU
		{0D3C5390-5651-4B71-B165-E5C72A55281C}.Testing|Mixed Platforms.Build.0 = Release|Any CPU
		{0D3C5390-5651-4B71-B165-E5C72A55281C}.Testing|x86.ActiveCfg = Release|Any CPU
		{0D3C5390-5651-4B71-B165-E5C72A55281C}.Website|Any CPU.ActiveCfg = Release|Any CPU
		{0D3C5390-5651-4B71-B165-E5C72A55281C}.Website|Any CPU.Build.0 = Release|Any CPU
		{0D3C5390-5651-4B71-B165-E5C72A55281C}.Website|Mixed Platforms.ActiveCfg = Release|Any CPU
		{0D3C5390-5651-4B71-B165-E5C72A55281C}.Website|Mixed Platforms.Build.0 = Release|Any CPU
		{0D3C5390-5651-4B71-B165-E5C72A55281C}.Website|x86.ActiveCfg = Release|Any CPU
		{01490A61-F803-41A3-89D4-D6CAC7A97DA6}.Database|Any CPU.ActiveCfg = Debug|Any CPU
		{01490A61-F803-41A3-89D4-D6CAC7A97DA6}.Database|Any CPU.Build.0 = Debug|Any CPU
		{01490A61-F803-41A3-89D4-D6CAC7A97DA6}.Database|Mixed Platforms.ActiveCfg = Debug|Any CPU
		{01490A61-F803-41A3-89D4-D6CAC7A97DA6}.Database|Mixed Platforms.Build.0 = Debug|Any CPU
		{01490A61-F803-41A3-89D4-D6CAC7A97DA6}.Database|x86.ActiveCfg = Debug|Any CPU
		{01490A61-F803-41A3-89D4-D6CAC7A97DA6}.Debug|Any CPU.ActiveCfg = Debug|Any CPU
		{01490A61-F803-41A3-89D4-D6CAC7A97DA6}.Debug|Any CPU.Build.0 = Debug|Any CPU
		{01490A61-F803-41A3-89D4-D6CAC7A97DA6}.Debug|Mixed Platforms.ActiveCfg = Debug|Any CPU
		{01490A61-F803-41A3-89D4-D6CAC7A97DA6}.Debug|Mixed Platforms.Build.0 = Debug|Any CPU
		{01490A61-F803-41A3-89D4-D6CAC7A97DA6}.Debug|x86.ActiveCfg = Debug|Any CPU
		{01490A61-F803-41A3-89D4-D6CAC7A97DA6}.Release|Any CPU.ActiveCfg = Release|Any CPU
		{01490A61-F803-41A3-89D4-D6CAC7A97DA6}.Release|Any CPU.Build.0 = Release|Any CPU
		{01490A61-F803-41A3-89D4-D6CAC7A97DA6}.Release|Mixed Platforms.ActiveCfg = Release|Any CPU
		{01490A61-F803-41A3-89D4-D6CAC7A97DA6}.Release|Mixed Platforms.Build.0 = Release|Any CPU
		{01490A61-F803-41A3-89D4-D6CAC7A97DA6}.Release|x86.ActiveCfg = Release|Any CPU
		{01490A61-F803-41A3-89D4-D6CAC7A97DA6}.Testing|Any CPU.ActiveCfg = Release|Any CPU
		{01490A61-F803-41A3-89D4-D6CAC7A97DA6}.Testing|Any CPU.Build.0 = Release|Any CPU
		{01490A61-F803-41A3-89D4-D6CAC7A97DA6}.Testing|Mixed Platforms.ActiveCfg = Release|Any CPU
		{01490A61-F803-41A3-89D4-D6CAC7A97DA6}.Testing|Mixed Platforms.Build.0 = Release|Any CPU
		{01490A61-F803-41A3-89D4-D6CAC7A97DA6}.Testing|x86.ActiveCfg = Release|Any CPU
		{01490A61-F803-41A3-89D4-D6CAC7A97DA6}.Website|Any CPU.ActiveCfg = Release|Any CPU
		{01490A61-F803-41A3-89D4-D6CAC7A97DA6}.Website|Any CPU.Build.0 = Release|Any CPU
		{01490A61-F803-41A3-89D4-D6CAC7A97DA6}.Website|Mixed Platforms.ActiveCfg = Release|Any CPU
		{01490A61-F803-41A3-89D4-D6CAC7A97DA6}.Website|Mixed Platforms.Build.0 = Release|Any CPU
		{01490A61-F803-41A3-89D4-D6CAC7A97DA6}.Website|x86.ActiveCfg = Release|Any CPU
		{DCC28AC4-530A-4D95-B384-D6A303758E98}.Database|Any CPU.ActiveCfg = Debug|x86
		{DCC28AC4-530A-4D95-B384-D6A303758E98}.Database|Mixed Platforms.ActiveCfg = Debug|x86
		{DCC28AC4-530A-4D95-B384-D6A303758E98}.Database|Mixed Platforms.Build.0 = Debug|x86
		{DCC28AC4-530A-4D95-B384-D6A303758E98}.Database|x86.ActiveCfg = Debug|x86
		{DCC28AC4-530A-4D95-B384-D6A303758E98}.Database|x86.Build.0 = Debug|x86
		{DCC28AC4-530A-4D95-B384-D6A303758E98}.Debug|Any CPU.ActiveCfg = Debug|x86
		{DCC28AC4-530A-4D95-B384-D6A303758E98}.Debug|Mixed Platforms.ActiveCfg = Debug|x86
		{DCC28AC4-530A-4D95-B384-D6A303758E98}.Debug|Mixed Platforms.Build.0 = Debug|x86
		{DCC28AC4-530A-4D95-B384-D6A303758E98}.Debug|x86.ActiveCfg = Debug|x86
		{DCC28AC4-530A-4D95-B384-D6A303758E98}.Debug|x86.Build.0 = Debug|x86
		{DCC28AC4-530A-4D95-B384-D6A303758E98}.Release|Any CPU.ActiveCfg = Release|x86
		{DCC28AC4-530A-4D95-B384-D6A303758E98}.Release|Mixed Platforms.ActiveCfg = Release|x86
		{DCC28AC4-530A-4D95-B384-D6A303758E98}.Release|Mixed Platforms.Build.0 = Release|x86
		{DCC28AC4-530A-4D95-B384-D6A303758E98}.Release|x86.ActiveCfg = Release|x86
		{DCC28AC4-530A-4D95-B384-D6A303758E98}.Release|x86.Build.0 = Release|x86
		{DCC28AC4-530A-4D95-B384-D6A303758E98}.Testing|Any CPU.ActiveCfg = Release|x86
		{DCC28AC4-530A-4D95-B384-D6A303758E98}.Testing|Mixed Platforms.ActiveCfg = Release|x86
		{DCC28AC4-530A-4D95-B384-D6A303758E98}.Testing|Mixed Platforms.Build.0 = Release|x86
		{DCC28AC4-530A-4D95-B384-D6A303758E98}.Testing|x86.ActiveCfg = Release|x86
		{DCC28AC4-530A-4D95-B384-D6A303758E98}.Testing|x86.Build.0 = Release|x86
		{DCC28AC4-530A-4D95-B384-D6A303758E98}.Website|Any CPU.ActiveCfg = Release|x86
		{DCC28AC4-530A-4D95-B384-D6A303758E98}.Website|Mixed Platforms.ActiveCfg = Release|x86
		{DCC28AC4-530A-4D95-B384-D6A303758E98}.Website|Mixed Platforms.Build.0 = Release|x86
		{DCC28AC4-530A-4D95-B384-D6A303758E98}.Website|x86.ActiveCfg = Release|x86
		{DCC28AC4-530A-4D95-B384-D6A303758E98}.Website|x86.Build.0 = Release|x86
		{8E71554E-8184-40C7-8CBC-8955C7627A04}.Database|Any CPU.ActiveCfg = Debug|Any CPU
		{8E71554E-8184-40C7-8CBC-8955C7627A04}.Database|Any CPU.Build.0 = Debug|Any CPU
		{8E71554E-8184-40C7-8CBC-8955C7627A04}.Database|Mixed Platforms.ActiveCfg = Debug|Any CPU
		{8E71554E-8184-40C7-8CBC-8955C7627A04}.Database|Mixed Platforms.Build.0 = Debug|Any CPU
		{8E71554E-8184-40C7-8CBC-8955C7627A04}.Database|x86.ActiveCfg = Debug|Any CPU
		{8E71554E-8184-40C7-8CBC-8955C7627A04}.Debug|Any CPU.ActiveCfg = Debug|Any CPU
		{8E71554E-8184-40C7-8CBC-8955C7627A04}.Debug|Any CPU.Build.0 = Debug|Any CPU
		{8E71554E-8184-40C7-8CBC-8955C7627A04}.Debug|Mixed Platforms.ActiveCfg = Debug|Any CPU
		{8E71554E-8184-40C7-8CBC-8955C7627A04}.Debug|Mixed Platforms.Build.0 = Debug|Any CPU
		{8E71554E-8184-40C7-8CBC-8955C7627A04}.Debug|x86.ActiveCfg = Debug|Any CPU
		{8E71554E-8184-40C7-8CBC-8955C7627A04}.Release|Any CPU.ActiveCfg = Release|Any CPU
		{8E71554E-8184-40C7-8CBC-8955C7627A04}.Release|Any CPU.Build.0 = Release|Any CPU
		{8E71554E-8184-40C7-8CBC-8955C7627A04}.Release|Mixed Platforms.ActiveCfg = Release|Any CPU
		{8E71554E-8184-40C7-8CBC-8955C7627A04}.Release|Mixed Platforms.Build.0 = Release|Any CPU
		{8E71554E-8184-40C7-8CBC-8955C7627A04}.Release|x86.ActiveCfg = Release|Any CPU
		{8E71554E-8184-40C7-8CBC-8955C7627A04}.Testing|Any CPU.ActiveCfg = Release|Any CPU
		{8E71554E-8184-40C7-8CBC-8955C7627A04}.Testing|Any CPU.Build.0 = Release|Any CPU
		{8E71554E-8184-40C7-8CBC-8955C7627A04}.Testing|Mixed Platforms.ActiveCfg = Release|Any CPU
		{8E71554E-8184-40C7-8CBC-8955C7627A04}.Testing|Mixed Platforms.Build.0 = Release|Any CPU
		{8E71554E-8184-40C7-8CBC-8955C7627A04}.Testing|x86.ActiveCfg = Release|Any CPU
		{8E71554E-8184-40C7-8CBC-8955C7627A04}.Website|Any CPU.ActiveCfg = Release|Any CPU
		{8E71554E-8184-40C7-8CBC-8955C7627A04}.Website|Any CPU.Build.0 = Release|Any CPU
		{8E71554E-8184-40C7-8CBC-8955C7627A04}.Website|Mixed Platforms.ActiveCfg = Release|Any CPU
		{8E71554E-8184-40C7-8CBC-8955C7627A04}.Website|Mixed Platforms.Build.0 = Release|Any CPU
		{8E71554E-8184-40C7-8CBC-8955C7627A04}.Website|x86.ActiveCfg = Release|Any CPU
	EndGlobalSection
	GlobalSection(SolutionProperties) = preSolution
		HideSolutionNode = FALSE
	EndGlobalSection
EndGlobal
